appdirs==1.4.4
    # via logging-strict
attrs==24.2.0
    # via logging-strict
backports-tarfile==1.2.0
    # via jaraco-context
black==24.10.0
    # via
    #   -r requirements/dev.in
    #   blackdoc
blackdoc==0.3.9
    # via -r requirements/dev.in
certifi==2025.4.26
    # via requests
cffi==1.17.1
    # via
    #   -c requirements/pins-cffi.in
    #   cryptography
charset-normalizer==3.4.0
    # via requests
click==8.1.7; python_version < "3.10"
click==8.2.0; python_version >= "3.10"
    # via
    #   -r requirements/prod.in
    #   black
    #   pip-tools
coverage==7.6.10
    # via -r requirements/dev.in
cryptography==45.0.2
    # via secretstorage
docutils==0.21.2
    # via readme-renderer
exceptiongroup==1.2.2
    # via pytest
fastjsonschema==2.21.1
    # via validate-pyproject
flake8==7.1.1
    # via
    #   -r requirements/dev.in
    #   flake8-pyi
    #   flake8-pyproject
flake8-pyi==24.9.0
    # via -r requirements/dev.in
flake8-pyproject==1.2.3
    # via -r requirements/dev.in
idna==3.10
    # via requests
importlib-metadata==8.7.0
    # via
    #   -r requirements/prod.in
    #   build
    #   keyring
    #   twine
iniconfig==2.0.0
    # via pytest
isort==5.13.2
    # via -r requirements/dev.in
jaraco-classes==3.4.0
    # via keyring
jaraco-context==6.0.1
    # via keyring
jaraco-functools==4.1.0
    # via keyring
jeepney==0.8.0
    # via
    #   keyring
    #   secretstorage
keyring==25.5.0
    # via twine
logging-strict==1.6.1
    # via
    #   -r requirements/dev.in
    #   -r requirements/prod.in
    #   pytest-logging-strict
markdown-it-py==3.0.0
    # via rich
mccabe==0.7.0
    # via flake8
mdurl==0.1.2
    # via markdown-it-py
more-itertools==10.6.0
    # via
    #   blackdoc
    #   jaraco-classes
    #   jaraco-functools
mypy==1.15.0
    # via -r requirements/dev.in
mypy-extensions==1.0.0
    # via
    #   black
    #   mypy
nh3==0.2.17
    # via readme-renderer
packaging==25.0
    # via
    #   -r requirements/prod.in
    #   black
    #   build
    #   pip-requirements-parser
    #   pytest
pathspec==0.12.1
    # via
    #   black
    #   blackdoc
pip-requirements-parser==32.0.1
    # via -r requirements/prod.in
pip-tools==7.4.1
    # via -r requirements/prod.in
pkginfo==1.10.0
    # via twine
platformdirs==4.3.6
    # via black
pluggy==1.6.0
    # via pytest
pycodestyle==2.12.1
    # via flake8
pycparser==2.22
    # via cffi
pyflakes==3.2.0
    # via
    #   flake8
    #   flake8-pyi
pygments==2.19.1
    # via
    #   readme-renderer
    #   rich
pyparsing==3.2.0
    # via pip-requirements-parser
pyproject-hooks==1.2.0
    # via
    #   build
    #   pip-tools
pytest==8.3.4
    # via
    #   -r requirements/dev.in
    #   pytest-datadir
    #   pytest-logging-strict
    #   pytest-regressions
pytest-datadir==1.5.0
    # via pytest-regressions
pytest-logging-strict==0.2.3
    # via -r requirements/dev.in
pytest-regressions==2.5.0
    # via -r requirements/dev.in
python-dateutil==2.9.0.post0
    # via
    #   logging-strict
    #   strictyaml
pyyaml==6.0.2
    # via pytest-regressions
readme-renderer==44.0
    # via twine
requests==2.32.3
    # via
    #   requests-toolbelt
    #   twine
requests-toolbelt==1.0.0
    # via twine
rfc3986==2.0.0
    # via twine
rich==13.9.4
    # via
    #   blackdoc
    #   twine
secretstorage==3.3.3
    # via keyring
six==1.17.0
    # via python-dateutil
strictyaml==1.7.3
    # via
    #   logging-strict
    #   pytest-logging-strict
tomli==2.2.1 ; python_version < "3.11"
    # via
    #   -c requirements/pins.shared.in
    #   black
    #   blackdoc
    #   build
    #   flake8-pyproject
    #   logging-strict
    #   mypy
    #   pip-tools
    #   pytest
twine==5.1.1
    # via -r requirements/dev.in
types-setuptools==78.1.0.20250329
    # via -r requirements/pins-typing.in
typing-extensions==4.12.2 ; python_version < "3.11"
    # via
    #   -c requirements/pins.shared.in
    #   black
    #   logging-strict
    #   mypy
    #   pytest-logging-strict
    #   rich
urllib3==2.2.3
    # via
    #   requests
    #   twine
validate-pyproject==0.24.1
    # via
    #   -r requirements/pins-validate-pyproject-pep639.in
zipp==3.21.0
    # via importlib-metadata
