appdirs==1.4.4
    # via logging-strict
attrs==24.2.0
    # via logging-strict
cachetools==5.5.0
    # via tox
cfgv==3.4.0
    # via pre-commit
chardet==5.2.0
    # via tox
click==8.1.7; python_version < "3.10"
click==8.2.0; python_version >= "3.10"
    # via
    #   -r requirements/prod.in
    #   pip-tools
colorama==0.4.6
    # via tox
distlib==0.3.9
    # via virtualenv
filelock==3.16.1
    # via
    #   tox
    #   virtualenv
identify==2.6.5
    # via pre-commit
importlib-metadata==8.7.0
    # via
    #   -r requirements/prod.in
    #   build
logging-strict==1.6.1
    # via -r requirements/prod.in
nodeenv==1.9.1
    # via pre-commit
packaging==25.0
    # via
    #   -r requirements/prod.in
    #   build
    #   pip-requirements-parser
    #   pyproject-api
    #   tox
pip-requirements-parser==32.0.1
    # via -r requirements/prod.in
pip-tools==7.4.1
    # via -r requirements/prod.in
platformdirs==4.3.6
    # via
    #   tox
    #   virtualenv
pluggy==1.6.0
    # via tox
pre-commit==4.0.1
    # via -r requirements/manage.in
pyparsing==3.2.0
    # via pip-requirements-parser
pyproject-api==1.9.1
    # via tox
pyproject-hooks==1.2.0
    # via
    #   build
    #   pip-tools
python-dateutil==2.9.0.post0
    # via
    #   logging-strict
    #   strictyaml
pyyaml==6.0.2
    # via pre-commit
six==1.17.0
    # via python-dateutil
strictyaml==1.7.3
    # via logging-strict
tomli==2.2.1 ; python_version < "3.11"
    # via
    #   -c requirements/pins.shared.in
    #   build
    #   logging-strict
    #   pip-tools
    #   pyproject-api
    #   tox
tox==4.23.2
    # via
    #   -r requirements/tox.in
    #   tox-gh-actions
tox-gh-actions==3.2.0
    # via -r requirements/tox.in
typing-extensions==4.12.2 ; python_version < "3.11"
    # via
    #   -c requirements/pins.shared.in
    #   logging-strict
    #   tox
virtualenv==20.29.0
    # via
    #   -c requirements/pins-virtualenv-cve-2024-53899.in
    #   pre-commit
    #   tox
zipp==3.21.0
    # via importlib-metadata
