click==8.1.7; python_version < "3.10"
click==8.2.0; python_version >= "3.10"
    # via pip-tools
importlib-metadata==8.7.0
    # via build
packaging==25.0
    # via build
pip-tools==7.4.1
    # via -r requirements/pip-tools.in
pyproject-hooks==1.2.0
    # via
    #   build
    #   pip-tools
tomli==2.2.1 ; python_version < "3.11"
    # via
    #   -c requirements/pins.shared.in
    #   build
    #   pip-tools
zipp==3.21.0
    # via importlib-metadata
