appdirs==1.4.4
    # via logging-strict
attrs==24.2.0
    # via logging-strict
exceptiongroup==1.2.2
    # via pytest
iniconfig==2.0.0
    # via pytest
logging-strict==1.6.1
    # via -r requirements/prod.in
packaging==25.0
    # via pytest
pluggy==1.6.0
    # via pytest
pytest==8.3.4
    # via -r requirements/prod.in
python-dateutil==2.9.0.post0
    # via
    #   logging-strict
    #   strictyaml
six==1.17.0
    # via python-dateutil
strictyaml==1.7.3
    # via
    #   -r requirements/prod.in
    #   logging-strict
tomli==2.2.1 ; python_version < "3.11"
    # via
    #   logging-strict
    #   pytest
typing-extensions==4.12.2 ; python_version < "3.11"
    # via
    #   -c requirements/pins-typing.in
    #   logging-strict
