version = 1
revision = 1
requires-python = ">=3.10"

[[package]]
name = "dinger-payment"
version = "2.0.2"
source = { editable = "." }
dependencies = [
    { name = "pycryptodome" },
]

[package.metadata]
requires-dist = [{ name = "pycryptodome", specifier = "==3.21.0" }]

[[package]]
name = "pycryptodome"
version = "3.21.0"
source = { registry = "https://pypi.org/simple" }
sdist = { url = "https://files.pythonhosted.org/packages/13/52/13b9db4a913eee948152a079fe58d035bd3d1a519584155da8e786f767e6/pycryptodome-3.21.0.tar.gz", hash = "sha256:f7787e0d469bdae763b876174cf2e6c0f7be79808af26b1da96f1a64bcf47297", size = 4818071 }
wheels = [
    { url = "https://files.pythonhosted.org/packages/a7/88/5e83de10450027c96c79dc65ac45e9d0d7a7fef334f39d3789a191f33602/pycryptodome-3.21.0-cp36-abi3-macosx_10_9_universal2.whl", hash = "sha256:2480ec2c72438430da9f601ebc12c518c093c13111a5c1644c82cdfc2e50b1e4", size = 2495937 },
    { url = "https://files.pythonhosted.org/packages/66/e1/8f28cd8cf7f7563319819d1e172879ccce2333781ae38da61c28fe22d6ff/pycryptodome-3.21.0-cp36-abi3-macosx_10_9_x86_64.whl", hash = "sha256:de18954104667f565e2fbb4783b56667f30fb49c4d79b346f52a29cb198d5b6b", size = 1634629 },
    { url = "https://files.pythonhosted.org/packages/6a/c1/f75a1aaff0c20c11df8dc8e2bf8057e7f73296af7dfd8cbb40077d1c930d/pycryptodome-3.21.0-cp36-abi3-manylinux_2_17_aarch64.manylinux2014_aarch64.whl", hash = "sha256:2de4b7263a33947ff440412339cb72b28a5a4c769b5c1ca19e33dd6cd1dcec6e", size = 2168708 },
    { url = "https://files.pythonhosted.org/packages/ea/66/6f2b7ddb457b19f73b82053ecc83ba768680609d56dd457dbc7e902c41aa/pycryptodome-3.21.0-cp36-abi3-manylinux_2_17_x86_64.manylinux2014_x86_64.whl", hash = "sha256:0714206d467fc911042d01ea3a1847c847bc10884cf674c82e12915cfe1649f8", size = 2254555 },
    { url = "https://files.pythonhosted.org/packages/2c/2b/152c330732a887a86cbf591ed69bd1b489439b5464806adb270f169ec139/pycryptodome-3.21.0-cp36-abi3-manylinux_2_5_i686.manylinux1_i686.manylinux_2_17_i686.manylinux2014_i686.whl", hash = "sha256:7d85c1b613121ed3dbaa5a97369b3b757909531a959d229406a75b912dd51dd1", size = 2294143 },
    { url = "https://files.pythonhosted.org/packages/55/92/517c5c498c2980c1b6d6b9965dffbe31f3cd7f20f40d00ec4069559c5902/pycryptodome-3.21.0-cp36-abi3-musllinux_1_1_aarch64.whl", hash = "sha256:8898a66425a57bcf15e25fc19c12490b87bd939800f39a03ea2de2aea5e3611a", size = 2160509 },
    { url = "https://files.pythonhosted.org/packages/39/1f/c74288f54d80a20a78da87df1818c6464ac1041d10988bb7d982c4153fbc/pycryptodome-3.21.0-cp36-abi3-musllinux_1_2_i686.whl", hash = "sha256:932c905b71a56474bff8a9c014030bc3c882cee696b448af920399f730a650c2", size = 2329480 },
    { url = "https://files.pythonhosted.org/packages/39/1b/d0b013bf7d1af7cf0a6a4fce13f5fe5813ab225313755367b36e714a63f8/pycryptodome-3.21.0-cp36-abi3-musllinux_1_2_x86_64.whl", hash = "sha256:18caa8cfbc676eaaf28613637a89980ad2fd96e00c564135bf90bc3f0b34dd93", size = 2254397 },
    { url = "https://files.pythonhosted.org/packages/14/71/4cbd3870d3e926c34706f705d6793159ac49d9a213e3ababcdade5864663/pycryptodome-3.21.0-cp36-abi3-win32.whl", hash = "sha256:280b67d20e33bb63171d55b1067f61fbd932e0b1ad976b3a184303a3dad22764", size = 1775641 },
    { url = "https://files.pythonhosted.org/packages/43/1d/81d59d228381576b92ecede5cd7239762c14001a828bdba30d64896e9778/pycryptodome-3.21.0-cp36-abi3-win_amd64.whl", hash = "sha256:b7aa25fc0baa5b1d95b7633af4f5f1838467f1815442b22487426f94e0d66c53", size = 1812863 },
    { url = "https://files.pythonhosted.org/packages/08/16/ae464d4ac338c1dd41f89c41f9488e54f7d2a3acf93bb920bb193b99f8e3/pycryptodome-3.21.0-pp310-pypy310_pp73-macosx_10_15_x86_64.whl", hash = "sha256:d5ebe0763c982f069d3877832254f64974139f4f9655058452603ff559c482e8", size = 1615855 },
    { url = "https://files.pythonhosted.org/packages/1e/8c/b0cee957eee1950ce7655006b26a8894cee1dc4b8747ae913684352786eb/pycryptodome-3.21.0-pp310-pypy310_pp73-manylinux_2_17_x86_64.manylinux2014_x86_64.whl", hash = "sha256:7ee86cbde706be13f2dec5a42b52b1c1d1cbb90c8e405c68d0755134735c8dc6", size = 1650018 },
    { url = "https://files.pythonhosted.org/packages/93/4d/d7138068089b99f6b0368622e60f97a577c936d75f533552a82613060c58/pycryptodome-3.21.0-pp310-pypy310_pp73-manylinux_2_5_i686.manylinux1_i686.manylinux_2_17_i686.manylinux2014_i686.whl", hash = "sha256:0fd54003ec3ce4e0f16c484a10bc5d8b9bd77fa662a12b85779a2d2d85d67ee0", size = 1687977 },
    { url = "https://files.pythonhosted.org/packages/96/02/90ae1ac9f28be4df0ed88c127bf4acc1b102b40053e172759d4d1c54d937/pycryptodome-3.21.0-pp310-pypy310_pp73-win_amd64.whl", hash = "sha256:5dfafca172933506773482b0e18f0cd766fd3920bd03ec85a283df90d8a17bc6", size = 1788273 },
]
