appdirs==1.4.4
    # via logging-strict
attrs==25.1.0
    # via logging-strict
logging-strict==1.5.0
    # via -r requirements/prod.in
python-dateutil==2.9.0.post0
    # via
    #   logging-strict
    #   strictyaml
six==1.17.0
    # via python-dateutil
strictyaml==1.7.3
    # via logging-strict
tomli==2.2.1 ; python_version < "3.11"
    # via
    #   -c requirements/pins-tomli.in
    #   logging-strict
typing-extensions==4.12.2
    # via logging-strict
